
Microsoft Visual Studio Solution File, Format Version 12.00
# Visual Studio Version 17
VisualStudioVersion = 17.6.33815.320
MinimumVisualStudioVersion = 10.0.40219.1
Project("{FAE04EC0-301F-11D3-BF4B-00C04F79EFBC}") = "RecipeAppApplication", "RecipeAppApplication\RecipeAppApplication.csproj", "{0055B090-8799-412C-B19A-EF726685119F}"
EndProject
Global
	GlobalSection(SolutionConfigurationPlatforms) = preSolution
		Debug|Any CPU = Debug|Any CPU
		Release|Any CPU = Release|Any CPU
	EndGlobalSection
	GlobalSection(ProjectConfigurationPlatforms) = postSolution
		{0055B090-8799-412C-B19A-EF726685119F}.Debug|Any CPU.ActiveCfg = Debug|Any CPU
		{0055B090-8799-412C-B19A-EF726685119F}.Debug|Any CPU.Build.0 = Debug|Any CPU
		{0055B090-8799-412C-B19A-EF726685119F}.Release|Any CPU.ActiveCfg = Release|Any CPU
		{0055B090-8799-412C-B19A-EF726685119F}.Release|Any CPU.Build.0 = Release|Any CPU
	EndGlobalSection
	GlobalSection(SolutionProperties) = preSolution
		HideSolutionNode = FALSE
	EndGlobalSection
	GlobalSection(ExtensibilityGlobals) = postSolution
		SolutionGuid = {36E4BD91-3C0E-4AD0-A3A3-037B6546EB3A}
	EndGlobalSection
EndGlobal
